{
  "name": "BeautyHub",
  "lockfileVersion": 3,
  "requires": true,
  "packages": {
    "": {
      "dependencies": {
        "animate.css": "^4.1.1",
        "flatpickr": "^4.6.13",
        "izimodal": "^1.6.1",
        "swiper": "^11.2.6"
      }
    },
    "node_modules/animate.css": {
      "version": "4.1.1",
      "resolved": "https://registry.npmjs.org/animate.css/-/animate.css-4.1.1.tgz",
      "integrity": "sha512-+mRmCTv6SbCmtYJCN4faJMNFVNN5EuCTTprDTAo7YzIGji2KADmakjVA3+8mVDkZ2Bf09vayB35lSQIex2+QaQ==",
      "license": "MIT"
    },
    "node_modules/flatpickr": {
      "version": "4.6.13",
      "resolved": "https://registry.npmjs.org/flatpickr/-/flatpickr-4.6.13.tgz",
      "integrity": "sha512-97PMG/aywoYpB4IvbvUJi0RQi8vearvU0oov1WW3k0WZPBMrTQVqekSX5CjSG/M4Q3i6A/0FKXC7RyAoAUUSPw==",
      "license": "MIT"
    },
    "node_modules/izimodal": {
      "version": "1.6.1",
      "resolved": "https://registry.npmjs.org/izimodal/-/izimodal-1.6.1.tgz",
      "integrity": "sha512-PwaeHMjSgP7hte0/Hx4zI1ew7zEIDuJSp28ZvRb23FbfJ9wLZX2Dy2dT+7w8mli4650WJaIuXZsMnHBLKwreMQ==",
      "license": "Apache-2.0",
      "dependencies": {
        "jquery": "~3"
      }
    },
    "node_modules/jquery": {
      "version": "3.7.1",
      "resolved": "https://registry.npmjs.org/jquery/-/jquery-3.7.1.tgz",
      "integrity": "sha512-m4avr8yL8kmFN8psrbFFFmB/If14iN5o9nw/NgnnM+kybDJpRsAynV2BsfpTYrTRysYUdADVD7CkUUizgkpLfg==",
      "license": "MIT"
    },
    "node_modules/swiper": {
      "version": "11.2.6",
      "resolved": "https://registry.npmjs.org/swiper/-/swiper-11.2.6.tgz",
      "integrity": "sha512-8aXpYKtjy3DjcbzZfz+/OX/GhcU5h+looA6PbAzHMZT6ESSycSp9nAjPCenczgJyslV+rUGse64LMGpWE3PX9Q==",
      "funding": [
        {
          "type": "patreon",
          "url": "https://www.patreon.com/swiperjs"
        },
        {
          "type": "open_collective",
          "url": "http://opencollective.com/swiper"
        }
      ],
      "license": "MIT",
      "engines": {
        "node": ">= 4.7.0"
      }
    }
  }
}
